{
  "version": 4,
  "terraform_version": "1.12.1",
  "serial": 5,
  "lineage": "00a4c725-b94d-6d05-046d-6737fb608240",
  "outputs": {
    "instance_public_ip": {
      "value": "52.55.208.175",
      "type": "string"
    }
  },
  "resources": [
    {
      "mode": "managed",
      "type": "aws_key_pair",
      "name": "jenkins_key",
      "provider": "provider[\"registry.terraform.io/hashicorp/aws\"]",
      "instances": [
        {
          "schema_version": 1,
          "attributes": {
            "arn": "arn:aws:ec2:us-east-1:211125344152:key-pair/devops-task-key",
            "fingerprint": "45:b3:f1:68:ef:27:72:67:74:9d:55:f0:4e:a9:14:78",
            "id": "devops-task-key",
            "key_name": "devops-task-key",
            "key_name_prefix": "",
            "key_pair_id": "key-046921c7dd6fed39d",
            "key_type": "rsa",
            "public_key": "ssh-rsa AAAAB3NzaC1yc2EAAAADAQABAAACAQDW70sT3gFAR9LivZ6QcNd8EW/pQkaZYV+VzczlIOsZ3u1fnEecaqDA11sUL0oUA8ZAI2agZ0uCXYXHagmaSMKgIDzAlopOqLYKynY4XgQ+iPGHG/SigyUFfFCV+GF1sMTV8OE8CR8FcIKvHK1ABVbZFAdY8m/FVV7X5+hJx6S42t5LwjGm9YhmxmG7oA+2qUS7dZ230mppXtGol8bV3uQkAvwJkPKqqdDuri/SCDlTm7rrC9qrk8rTPQ+Wv+8glLkdyYE1T/OosiB20q3zAdOed1fiVlAF7wfX6MoOfDmLll7zqbbUrZr4SiJlVtKSeecWA08sF5l3FV1q5SSC1FszXFEm5oyAuCqEHbgrKgnMe2Nwr1+pTogz0bNPcWljpM11kcKUkNYaKkeJVxVPQU32eyDEEF0vR9+cnqMIfHrOCqRtz/PwOF4PoPr29uwOddrF4m/TK7KOP0wAvr5HZMs2h7K5yIkvlXkrVlNeszCzYpc5jiw/zloZ8Edm0mUwAOibINdTr12PHwMg7P1EXHqLf0JtouDXlgaS9LweHIjtuqdJwkdDjLNq30nWdC1+cerdKC2aFWCxfrh4HFbvWKw6otLA6VHeNV7thqRBrgcHDgTfWROAp0QcBygMQgxfc1uPPfrWEOySLZnzRMbBARfcXSmJntVoE6NcsyZ/owIRVQ== USER@DESKTOP-K8T9O3L",
            "region": "us-east-1",
            "tags": {},
            "tags_all": {}
          },
          "sensitive_attributes": [],
          "identity_schema_version": 0,
          "private": "eyJzY2hlbWFfdmVyc2lvbiI6IjEifQ=="
        }
      ]
    }
  ],
  "check_results": null
}
