{
  "version": 4,
  "terraform_version": "1.12.1",
  "serial": 7,
  "lineage": "00a4c725-b94d-6d05-046d-6737fb608240",
  "outputs": {
    "instance_public_ip": {
      "value": "54.89.243.148",
      "type": "string"
    }
  },
  "resources": [
    {
      "mode": "managed",
      "type": "aws_instance",
      "name": "jenkins_server",
      "provider": "provider[\"registry.terraform.io/hashicorp/aws\"]",
      "instances": [
        {
          "schema_version": 2,
          "attributes": {
            "ami": "ami-0b09ffb6d8b58ca91",
            "arn": "arn:aws:ec2:us-east-1:211125344152:instance/i-054695f7304c9dee0",
            "associate_public_ip_address": true,
            "availability_zone": "us-east-1b",
            "capacity_reservation_specification": [
              {
                "capacity_reservation_preference": "open",
                "capacity_reservation_target": []
              }
            ],
            "cpu_options": [
              {
                "amd_sev_snp": "",
                "core_count": 1,
                "threads_per_core": 2
              }
            ],
            "credit_specification": [
              {
                "cpu_credits": "unlimited"
              }
            ],
            "disable_api_stop": false,
            "disable_api_termination": false,
            "ebs_block_device": [],
            "ebs_optimized": false,
            "enable_primary_ipv6": null,
            "enclave_options": [
              {
                "enabled": false
              }
            ],
            "ephemeral_block_device": [],
            "force_destroy": false,
            "get_password_data": false,
            "hibernation": false,
            "host_id": "",
            "host_resource_group_arn": null,
            "iam_instance_profile": "",
            "id": "i-054695f7304c9dee0",
            "instance_initiated_shutdown_behavior": "stop",
            "instance_lifecycle": "",
            "instance_market_options": [],
            "instance_state": "running",
            "instance_type": "t3.small",
            "ipv6_address_count": 0,
            "ipv6_addresses": [],
            "key_name": "devops-task-key",
            "launch_template": [],
            "maintenance_options": [
              {
                "auto_recovery": "default"
              }
            ],
            "metadata_options": [
              {
                "http_endpoint": "enabled",
                "http_protocol_ipv6": "disabled",
                "http_put_response_hop_limit": 2,
                "http_tokens": "required",
                "instance_metadata_tags": "disabled"
              }
            ],
            "monitoring": false,
            "network_interface": [],
            "outpost_arn": "",
            "password_data": "",
            "placement_group": "",
            "placement_group_id": "",
            "placement_partition_number": 0,
            "primary_network_interface": [
              {
                "delete_on_termination": true,
                "network_interface_id": "eni-012aa5dde08ee5e5a"
              }
            ],
            "primary_network_interface_id": "eni-012aa5dde08ee5e5a",
            "private_dns": "ip-172-31-8-189.ec2.internal",
            "private_dns_name_options": [
              {
                "enable_resource_name_dns_a_record": false,
                "enable_resource_name_dns_aaaa_record": false,
                "hostname_type": "ip-name"
              }
            ],
            "private_ip": "172.31.8.189",
            "public_dns": "ec2-54-89-243-148.compute-1.amazonaws.com",
            "public_ip": "54.89.243.148",
            "region": "us-east-1",
            "root_block_device": [
              {
                "delete_on_termination": true,
                "device_name": "/dev/xvda",
                "encrypted": false,
                "iops": 3000,
                "kms_key_id": "",
                "tags": {},
                "tags_all": {},
                "throughput": 125,
                "volume_id": "vol-06d6f491db89bc24f",
                "volume_size": 8,
                "volume_type": "gp3"
              }
            ],
            "secondary_private_ips": [],
            "security_groups": [
              "devops-task-sg"
            ],
            "source_dest_check": true,
            "spot_instance_request_id": "",
            "subnet_id": "subnet-00bd14ba947b688ab",
            "tags": {
              "Name": "Jenkins-EC2"
            },
            "tags_all": {
              "Name": "Jenkins-EC2"
            },
            "tenancy": "default",
            "timeouts": null,
            "user_data": "#!/bin/bash\r\nyum update -y\r\nyum install java-11-openjdk-devel -y\r\nrpm --import https://pkg.jenkins.io/redhat-stable/jenkins.io.key\r\nwget -O /etc/yum.repos.d/jenkins.repo https://pkg.jenkins.io/redhat-stable/jenkins.repo\r\nsed -i 's/gpgcheck=1/gpgcheck=0/' /etc/yum.repos.d/jenkins.repo\r\nyum install jenkins -y\r\nsystemctl enable jenkins\r\nsystemctl start jenkins\r\n",
            "user_data_base64": null,
            "user_data_replace_on_change": false,
            "volume_tags": null,
            "vpc_security_group_ids": [
              "sg-047200ce8fe0d8e0f"
            ]
          },
          "sensitive_attributes": [],
          "identity_schema_version": 0,
          "identity": {
            "account_id": "211125344152",
            "id": "i-054695f7304c9dee0",
            "region": "us-east-1"
          },
          "private": "eyJlMmJmYjczMC1lY2FhLTExZTYtOGY4OC0zNDM2M2JjN2M0YzAiOnsiY3JlYXRlIjo2MDAwMDAwMDAwMDAsImRlbGV0ZSI6MTIwMDAwMDAwMDAwMCwicmVhZCI6OTAwMDAwMDAwMDAwLCJ1cGRhdGUiOjYwMDAwMDAwMDAwMH0sInNjaGVtYV92ZXJzaW9uIjoiMiJ9",
          "dependencies": [
            "aws_key_pair.jenkins_key"
          ]
        }
      ]
    },
    {
      "mode": "managed",
      "type": "aws_key_pair",
      "name": "jenkins_key",
      "provider": "provider[\"registry.terraform.io/hashicorp/aws\"]",
      "instances": [
        {
          "schema_version": 1,
          "attributes": {
            "arn": "arn:aws:ec2:us-east-1:211125344152:key-pair/devops-task-key",
            "fingerprint": "45:b3:f1:68:ef:27:72:67:74:9d:55:f0:4e:a9:14:78",
            "id": "devops-task-key",
            "key_name": "devops-task-key",
            "key_name_prefix": "",
            "key_pair_id": "key-046921c7dd6fed39d",
            "key_type": "rsa",
            "public_key": "ssh-rsa AAAAB3NzaC1yc2EAAAADAQABAAACAQDW70sT3gFAR9LivZ6QcNd8EW/pQkaZYV+VzczlIOsZ3u1fnEecaqDA11sUL0oUA8ZAI2agZ0uCXYXHagmaSMKgIDzAlopOqLYKynY4XgQ+iPGHG/SigyUFfFCV+GF1sMTV8OE8CR8FcIKvHK1ABVbZFAdY8m/FVV7X5+hJx6S42t5LwjGm9YhmxmG7oA+2qUS7dZ230mppXtGol8bV3uQkAvwJkPKqqdDuri/SCDlTm7rrC9qrk8rTPQ+Wv+8glLkdyYE1T/OosiB20q3zAdOed1fiVlAF7wfX6MoOfDmLll7zqbbUrZr4SiJlVtKSeecWA08sF5l3FV1q5SSC1FszXFEm5oyAuCqEHbgrKgnMe2Nwr1+pTogz0bNPcWljpM11kcKUkNYaKkeJVxVPQU32eyDEEF0vR9+cnqMIfHrOCqRtz/PwOF4PoPr29uwOddrF4m/TK7KOP0wAvr5HZMs2h7K5yIkvlXkrVlNeszCzYpc5jiw/zloZ8Edm0mUwAOibINdTr12PHwMg7P1EXHqLf0JtouDXlgaS9LweHIjtuqdJwkdDjLNq30nWdC1+cerdKC2aFWCxfrh4HFbvWKw6otLA6VHeNV7thqRBrgcHDgTfWROAp0QcBygMQgxfc1uPPfrWEOySLZnzRMbBARfcXSmJntVoE6NcsyZ/owIRVQ== USER@DESKTOP-K8T9O3L",
            "region": "us-east-1",
            "tags": {},
            "tags_all": {}
          },
          "sensitive_attributes": [],
          "identity_schema_version": 0,
          "private": "eyJzY2hlbWFfdmVyc2lvbiI6IjEifQ=="
        }
      ]
    }
  ],
  "check_results": null
}
